// !$*UTF8*$!
{
	archiveVersion = 1;
	classes = {
	};
	objectVersion = 46;
	objects = {

/* Begin PBXBuildFile section */
		D5280472147B7B5A004B81B6 /* RootViewController.m in Sources */ = {isa = PBXBuildFile; fileRef = D5280470147B7B5A004B81B6 /* RootViewController.m */; };
		D5280473147B7B5A004B81B6 /* RootViewController.xib in Resources */ = {isa = PBXBuildFile; fileRef = D5280471147B7B5A004B81B6 /* RootViewController.xib */; };
		D5280478147B7BB2004B81B6 /* DetailViewController.m in Sources */ = {isa = PBXBuildFile; fileRef = D5280476147B7BB2004B81B6 /* DetailViewController.m */; };
		D5280479147B7BB2004B81B6 /* DetailViewController.xib in Resources */ = {isa = PBXBuildFile; fileRef = D5280477147B7BB2004B81B6 /* DetailViewController.xib */; };
		D528047C147B7C86004B81B6 /* Hospital.m in Sources */ = {isa = PBXBuildFile; fileRef = D528047B147B7C86004B81B6 /* Hospital.m */; };
		D5280488147B957B004B81B6 /* HospitalForm.m in Sources */ = {isa = PBXBuildFile; fileRef = D5280486147B957B004B81B6 /* HospitalForm.m */; };
		D5280489147B957B004B81B6 /* HospitalForm.xib in Resources */ = {isa = PBXBuildFile; fileRef = D5280487147B957B004B81B6 /* HospitalForm.xib */; };
		D528048F147C0944004B81B6 /* HospitalRotation.m in Sources */ = {isa = PBXBuildFile; fileRef = D528048E147C0944004B81B6 /* HospitalRotation.m */; };
		D5280492147C096F004B81B6 /* HospitalBirthRate.m in Sources */ = {isa = PBXBuildFile; fileRef = D5280491147C096F004B81B6 /* HospitalBirthRate.m */; };
		D5280495147C7B60004B81B6 /* ProductYear.m in Sources */ = {isa = PBXBuildFile; fileRef = D5280494147C7B60004B81B6 /* ProductYear.m */; };
		D5280499147C8007004B81B6 /* HospitalBirthRateForm.m in Sources */ = {isa = PBXBuildFile; fileRef = D5280497147C8007004B81B6 /* HospitalBirthRateForm.m */; };
		D528049A147C8007004B81B6 /* HospitalBirthRateForm.xib in Resources */ = {isa = PBXBuildFile; fileRef = D5280498147C8007004B81B6 /* HospitalBirthRateForm.xib */; };
		D52804A2147CC652004B81B6 /* Invoice.m in Sources */ = {isa = PBXBuildFile; fileRef = D52804A1147CC652004B81B6 /* Invoice.m */; };
		D52804A5147CE56D004B81B6 /* BackOrder.m in Sources */ = {isa = PBXBuildFile; fileRef = D52804A4147CE56D004B81B6 /* BackOrder.m */; };
		D52804AA147CE988004B81B6 /* HospitalSalesHistoryForm.m in Sources */ = {isa = PBXBuildFile; fileRef = D52804A8147CE987004B81B6 /* HospitalSalesHistoryForm.m */; };
		D52804AB147CE988004B81B6 /* HospitalSalesHistoryForm.xib in Resources */ = {isa = PBXBuildFile; fileRef = D52804A9147CE987004B81B6 /* HospitalSalesHistoryForm.xib */; };
		D560EDE8147A150300DD586F /* UIKit.framework in Frameworks */ = {isa = PBXBuildFile; fileRef = D560EDE7147A150300DD586F /* UIKit.framework */; };
		D560EDEA147A150300DD586F /* Foundation.framework in Frameworks */ = {isa = PBXBuildFile; fileRef = D560EDE9147A150300DD586F /* Foundation.framework */; };
		D560EDEC147A150300DD586F /* CoreGraphics.framework in Frameworks */ = {isa = PBXBuildFile; fileRef = D560EDEB147A150300DD586F /* CoreGraphics.framework */; };
		D560EDF2147A150300DD586F /* InfoPlist.strings in Resources */ = {isa = PBXBuildFile; fileRef = D560EDF0147A150300DD586F /* InfoPlist.strings */; };
		D560EDF4147A150300DD586F /* main.m in Sources */ = {isa = PBXBuildFile; fileRef = D560EDF3147A150300DD586F /* main.m */; };
		D560EDF8147A150300DD586F /* AppDelegate.m in Sources */ = {isa = PBXBuildFile; fileRef = D560EDF7147A150300DD586F /* AppDelegate.m */; };
		D560EE02147A179300DD586F /* MainViewController.m in Sources */ = {isa = PBXBuildFile; fileRef = D560EE00147A179300DD586F /* MainViewController.m */; };
		D560EE03147A179300DD586F /* MainViewController.xib in Resources */ = {isa = PBXBuildFile; fileRef = D560EE01147A179300DD586F /* MainViewController.xib */; };
		D560EE0D147A1CF800DD586F /* Form-info.plist in Resources */ = {isa = PBXBuildFile; fileRef = D560EE0C147A1CF800DD586F /* Form-info.plist */; };
		D560EE3E147A4FBF00DD586F /* BootStrap.m in Sources */ = {isa = PBXBuildFile; fileRef = D560EE3D147A4FBF00DD586F /* BootStrap.m */; };
		D560EE49147A6CD100DD586F /* HospitalViewController.m in Sources */ = {isa = PBXBuildFile; fileRef = D560EE47147A6CD100DD586F /* HospitalViewController.m */; };
		D560EE4A147A6CD100DD586F /* HospitalViewController.xib in Resources */ = {isa = PBXBuildFile; fileRef = D560EE48147A6CD100DD586F /* HospitalViewController.xib */; };
		D560EE4E147A70AD00DD586F /* RequestCallForm.m in Sources */ = {isa = PBXBuildFile; fileRef = D560EE4C147A70AD00DD586F /* RequestCallForm.m */; };
		D560EE4F147A70AD00DD586F /* RequestCallForm.xib in Resources */ = {isa = PBXBuildFile; fileRef = D560EE4D147A70AD00DD586F /* RequestCallForm.xib */; };
		D560EE52147A757A00DD586F /* FormCellGenerator.m in Sources */ = {isa = PBXBuildFile; fileRef = D560EE51147A757A00DD586F /* FormCellGenerator.m */; };
		D560EE56147B227400DD586F /* FormUtility.m in Sources */ = {isa = PBXBuildFile; fileRef = D560EE55147B227400DD586F /* FormUtility.m */; };
		D560EE5A147B35CE00DD586F /* RequestCall.m in Sources */ = {isa = PBXBuildFile; fileRef = D560EE59147B35CE00DD586F /* RequestCall.m */; };
		D560EE5D147B365100DD586F /* CallObjective.m in Sources */ = {isa = PBXBuildFile; fileRef = D560EE5C147B365100DD586F /* CallObjective.m */; };
		D560EE63147B5F0400DD586F /* Order.m in Sources */ = {isa = PBXBuildFile; fileRef = D560EE62147B5F0400DD586F /* Order.m */; };
		D560EE67147B5F2200DD586F /* OrderForm.m in Sources */ = {isa = PBXBuildFile; fileRef = D560EE65147B5F2100DD586F /* OrderForm.m */; };
		D560EE68147B5F2200DD586F /* OrderForm.xib in Resources */ = {isa = PBXBuildFile; fileRef = D560EE66147B5F2100DD586F /* OrderForm.xib */; };
		D59A14F0148CFA9000AB7E86 /* ProductEntry.m in Sources */ = {isa = PBXBuildFile; fileRef = D59A14EF148CFA9000AB7E86 /* ProductEntry.m */; };
		D59A14F4148D093000AB7E86 /* EvaluationRequest.m in Sources */ = {isa = PBXBuildFile; fileRef = D59A14F3148D093000AB7E86 /* EvaluationRequest.m */; };
		D59A14F7148D102600AB7E86 /* MarketIntelligence.m in Sources */ = {isa = PBXBuildFile; fileRef = D59A14F6148D102600AB7E86 /* MarketIntelligence.m */; };
		D59A14FA148D203E00AB7E86 /* CustomerComplaint.m in Sources */ = {isa = PBXBuildFile; fileRef = D59A14F9148D203E00AB7E86 /* CustomerComplaint.m */; };
		D59A14FD148D23F300AB7E86 /* SponsorRequest.m in Sources */ = {isa = PBXBuildFile; fileRef = D59A14FC148D23F200AB7E86 /* SponsorRequest.m */; };
		D59A1500148D26A900AB7E86 /* FormDataMapper.m in Sources */ = {isa = PBXBuildFile; fileRef = D59A14FF148D26A900AB7E86 /* FormDataMapper.m */; };
		D5FAD1DD14849D8E0063A6B5 /* document_icon.png in Resources */ = {isa = PBXBuildFile; fileRef = D5FAD1DC14849D8E0063A6B5 /* document_icon.png */; };
		D5FAD1DF14849FAA0063A6B5 /* editable_icon.png in Resources */ = {isa = PBXBuildFile; fileRef = D5FAD1DE14849FAA0063A6B5 /* editable_icon.png */; };
		D5FAD1E11484CAF80063A6B5 /* picker_background.png in Resources */ = {isa = PBXBuildFile; fileRef = D5FAD1E01484CAF80063A6B5 /* picker_background.png */; };
		D5FAD1E31484D2DB0063A6B5 /* dropdown_small.png in Resources */ = {isa = PBXBuildFile; fileRef = D5FAD1E21484D2DB0063A6B5 /* dropdown_small.png */; };
		D5FAD1E71485BCF50063A6B5 /* HospitalRotationForm.m in Sources */ = {isa = PBXBuildFile; fileRef = D5FAD1E51485BCF40063A6B5 /* HospitalRotationForm.m */; };
		D5FAD1E81485BCF50063A6B5 /* HospitalRotationForm.xib in Resources */ = {isa = PBXBuildFile; fileRef = D5FAD1E61485BCF50063A6B5 /* HospitalRotationForm.xib */; };
/* End PBXBuildFile section */

/* Begin PBXFileReference section */
		D528046F147B7B5A004B81B6 /* RootViewController.h */ = {isa = PBXFileReference; fileEncoding = 4; lastKnownFileType = sourcecode.c.h; name = RootViewController.h; path = ViewControllers/RootViewController.h; sourceTree = "<group>"; };
		D5280470147B7B5A004B81B6 /* RootViewController.m */ = {isa = PBXFileReference; fileEncoding = 4; lastKnownFileType = sourcecode.c.objc; name = RootViewController.m; path = ViewControllers/RootViewController.m; sourceTree = "<group>"; };
		D5280471147B7B5A004B81B6 /* RootViewController.xib */ = {isa = PBXFileReference; fileEncoding = 4; lastKnownFileType = file.xib; name = RootViewController.xib; path = ViewControllers/RootViewController.xib; sourceTree = "<group>"; };
		D5280475147B7BB2004B81B6 /* DetailViewController.h */ = {isa = PBXFileReference; fileEncoding = 4; lastKnownFileType = sourcecode.c.h; name = DetailViewController.h; path = ViewControllers/DetailViewController.h; sourceTree = "<group>"; };
		D5280476147B7BB2004B81B6 /* DetailViewController.m */ = {isa = PBXFileReference; fileEncoding = 4; lastKnownFileType = sourcecode.c.objc; name = DetailViewController.m; path = ViewControllers/DetailViewController.m; sourceTree = "<group>"; };
		D5280477147B7BB2004B81B6 /* DetailViewController.xib */ = {isa = PBXFileReference; fileEncoding = 4; lastKnownFileType = file.xib; name = DetailViewController.xib; path = ViewControllers/DetailViewController.xib; sourceTree = "<group>"; };
		D528047A147B7C86004B81B6 /* Hospital.h */ = {isa = PBXFileReference; fileEncoding = 4; lastKnownFileType = sourcecode.c.h; name = Hospital.h; path = Model/Hospital.h; sourceTree = "<group>"; };
		D528047B147B7C86004B81B6 /* Hospital.m */ = {isa = PBXFileReference; fileEncoding = 4; lastKnownFileType = sourcecode.c.objc; name = Hospital.m; path = Model/Hospital.m; sourceTree = "<group>"; };
		D5280485147B957B004B81B6 /* HospitalForm.h */ = {isa = PBXFileReference; fileEncoding = 4; lastKnownFileType = sourcecode.c.h; name = HospitalForm.h; path = Form/HospitalForm.h; sourceTree = "<group>"; };
		D5280486147B957B004B81B6 /* HospitalForm.m */ = {isa = PBXFileReference; fileEncoding = 4; lastKnownFileType = sourcecode.c.objc; name = HospitalForm.m; path = Form/HospitalForm.m; sourceTree = "<group>"; };
		D5280487147B957B004B81B6 /* HospitalForm.xib */ = {isa = PBXFileReference; fileEncoding = 4; lastKnownFileType = file.xib; name = HospitalForm.xib; path = Form/HospitalForm.xib; sourceTree = "<group>"; };
		D528048D147C0944004B81B6 /* HospitalRotation.h */ = {isa = PBXFileReference; fileEncoding = 4; lastKnownFileType = sourcecode.c.h; name = HospitalRotation.h; path = Model/HospitalRotation.h; sourceTree = "<group>"; };
		D528048E147C0944004B81B6 /* HospitalRotation.m */ = {isa = PBXFileReference; fileEncoding = 4; lastKnownFileType = sourcecode.c.objc; name = HospitalRotation.m; path = Model/HospitalRotation.m; sourceTree = "<group>"; };
		D5280490147C096F004B81B6 /* HospitalBirthRate.h */ = {isa = PBXFileReference; fileEncoding = 4; lastKnownFileType = sourcecode.c.h; name = HospitalBirthRate.h; path = Model/HospitalBirthRate.h; sourceTree = "<group>"; };
		D5280491147C096F004B81B6 /* HospitalBirthRate.m */ = {isa = PBXFileReference; fileEncoding = 4; lastKnownFileType = sourcecode.c.objc; name = HospitalBirthRate.m; path = Model/HospitalBirthRate.m; sourceTree = "<group>"; };
		D5280493147C7B60004B81B6 /* ProductYear.h */ = {isa = PBXFileReference; fileEncoding = 4; lastKnownFileType = sourcecode.c.h; name = ProductYear.h; path = Model/ProductYear.h; sourceTree = "<group>"; };
		D5280494147C7B60004B81B6 /* ProductYear.m */ = {isa = PBXFileReference; fileEncoding = 4; lastKnownFileType = sourcecode.c.objc; name = ProductYear.m; path = Model/ProductYear.m; sourceTree = "<group>"; };
		D5280496147C8006004B81B6 /* HospitalBirthRateForm.h */ = {isa = PBXFileReference; fileEncoding = 4; lastKnownFileType = sourcecode.c.h; name = HospitalBirthRateForm.h; path = Form/HospitalBirthRateForm.h; sourceTree = "<group>"; };
		D5280497147C8007004B81B6 /* HospitalBirthRateForm.m */ = {isa = PBXFileReference; fileEncoding = 4; lastKnownFileType = sourcecode.c.objc; name = HospitalBirthRateForm.m; path = Form/HospitalBirthRateForm.m; sourceTree = "<group>"; };
		D5280498147C8007004B81B6 /* HospitalBirthRateForm.xib */ = {isa = PBXFileReference; fileEncoding = 4; lastKnownFileType = file.xib; name = HospitalBirthRateForm.xib; path = Form/HospitalBirthRateForm.xib; sourceTree = "<group>"; };
		D52804A0147CC652004B81B6 /* Invoice.h */ = {isa = PBXFileReference; fileEncoding = 4; lastKnownFileType = sourcecode.c.h; name = Invoice.h; path = Model/Invoice.h; sourceTree = "<group>"; };
		D52804A1147CC652004B81B6 /* Invoice.m */ = {isa = PBXFileReference; fileEncoding = 4; lastKnownFileType = sourcecode.c.objc; name = Invoice.m; path = Model/Invoice.m; sourceTree = "<group>"; };
		D52804A3147CE56C004B81B6 /* BackOrder.h */ = {isa = PBXFileReference; fileEncoding = 4; lastKnownFileType = sourcecode.c.h; name = BackOrder.h; path = Model/BackOrder.h; sourceTree = "<group>"; };
		D52804A4147CE56D004B81B6 /* BackOrder.m */ = {isa = PBXFileReference; fileEncoding = 4; lastKnownFileType = sourcecode.c.objc; name = BackOrder.m; path = Model/BackOrder.m; sourceTree = "<group>"; };
		D52804A7147CE986004B81B6 /* HospitalSalesHistoryForm.h */ = {isa = PBXFileReference; fileEncoding = 4; lastKnownFileType = sourcecode.c.h; name = HospitalSalesHistoryForm.h; path = Form/HospitalSalesHistoryForm.h; sourceTree = "<group>"; };
		D52804A8147CE987004B81B6 /* HospitalSalesHistoryForm.m */ = {isa = PBXFileReference; fileEncoding = 4; lastKnownFileType = sourcecode.c.objc; name = HospitalSalesHistoryForm.m; path = Form/HospitalSalesHistoryForm.m; sourceTree = "<group>"; };
		D52804A9147CE987004B81B6 /* HospitalSalesHistoryForm.xib */ = {isa = PBXFileReference; fileEncoding = 4; lastKnownFileType = file.xib; name = HospitalSalesHistoryForm.xib; path = Form/HospitalSalesHistoryForm.xib; sourceTree = "<group>"; };
		D560EDE3147A150300DD586F /* Sale.app */ = {isa = PBXFileReference; explicitFileType = wrapper.application; includeInIndex = 0; path = Sale.app; sourceTree = BUILT_PRODUCTS_DIR; };
		D560EDE7147A150300DD586F /* UIKit.framework */ = {isa = PBXFileReference; lastKnownFileType = wrapper.framework; name = UIKit.framework; path = System/Library/Frameworks/UIKit.framework; sourceTree = SDKROOT; };
		D560EDE9147A150300DD586F /* Foundation.framework */ = {isa = PBXFileReference; lastKnownFileType = wrapper.framework; name = Foundation.framework; path = System/Library/Frameworks/Foundation.framework; sourceTree = SDKROOT; };
		D560EDEB147A150300DD586F /* CoreGraphics.framework */ = {isa = PBXFileReference; lastKnownFileType = wrapper.framework; name = CoreGraphics.framework; path = System/Library/Frameworks/CoreGraphics.framework; sourceTree = SDKROOT; };
		D560EDEF147A150300DD586F /* Sale-Info.plist */ = {isa = PBXFileReference; lastKnownFileType = text.plist.xml; path = "Sale-Info.plist"; sourceTree = "<group>"; };
		D560EDF1147A150300DD586F /* en */ = {isa = PBXFileReference; lastKnownFileType = text.plist.strings; name = en; path = en.lproj/InfoPlist.strings; sourceTree = "<group>"; };
		D560EDF3147A150300DD586F /* main.m */ = {isa = PBXFileReference; lastKnownFileType = sourcecode.c.objc; path = main.m; sourceTree = "<group>"; };
		D560EDF5147A150300DD586F /* Sale-Prefix.pch */ = {isa = PBXFileReference; lastKnownFileType = sourcecode.c.h; path = "Sale-Prefix.pch"; sourceTree = "<group>"; };
		D560EDF6147A150300DD586F /* AppDelegate.h */ = {isa = PBXFileReference; lastKnownFileType = sourcecode.c.h; path = AppDelegate.h; sourceTree = "<group>"; };
		D560EDF7147A150300DD586F /* AppDelegate.m */ = {isa = PBXFileReference; lastKnownFileType = sourcecode.c.objc; path = AppDelegate.m; sourceTree = "<group>"; };
		D560EDFF147A179300DD586F /* MainViewController.h */ = {isa = PBXFileReference; fileEncoding = 4; lastKnownFileType = sourcecode.c.h; name = MainViewController.h; path = ViewControllers/MainViewController.h; sourceTree = "<group>"; };
		D560EE00147A179300DD586F /* MainViewController.m */ = {isa = PBXFileReference; fileEncoding = 4; lastKnownFileType = sourcecode.c.objc; name = MainViewController.m; path = ViewControllers/MainViewController.m; sourceTree = "<group>"; };
		D560EE01147A179300DD586F /* MainViewController.xib */ = {isa = PBXFileReference; fileEncoding = 4; lastKnownFileType = file.xib; name = MainViewController.xib; path = ViewControllers/MainViewController.xib; sourceTree = "<group>"; };
		D560EE0C147A1CF800DD586F /* Form-info.plist */ = {isa = PBXFileReference; fileEncoding = 4; lastKnownFileType = text.plist.xml; path = "Form-info.plist"; sourceTree = "<group>"; };
		D560EE3C147A4FBE00DD586F /* BootStrap.h */ = {isa = PBXFileReference; fileEncoding = 4; lastKnownFileType = sourcecode.c.h; path = BootStrap.h; sourceTree = "<group>"; };
		D560EE3D147A4FBF00DD586F /* BootStrap.m */ = {isa = PBXFileReference; fileEncoding = 4; lastKnownFileType = sourcecode.c.objc; path = BootStrap.m; sourceTree = "<group>"; };
		D560EE46147A6CD100DD586F /* HospitalViewController.h */ = {isa = PBXFileReference; fileEncoding = 4; lastKnownFileType = sourcecode.c.h; name = HospitalViewController.h; path = ViewControllers/HospitalViewController.h; sourceTree = "<group>"; };
		D560EE47147A6CD100DD586F /* HospitalViewController.m */ = {isa = PBXFileReference; fileEncoding = 4; lastKnownFileType = sourcecode.c.objc; name = HospitalViewController.m; path = ViewControllers/HospitalViewController.m; sourceTree = "<group>"; };
		D560EE48147A6CD100DD586F /* HospitalViewController.xib */ = {isa = PBXFileReference; fileEncoding = 4; lastKnownFileType = file.xib; name = HospitalViewController.xib; path = ViewControllers/HospitalViewController.xib; sourceTree = "<group>"; };
		D560EE4B147A70AD00DD586F /* RequestCallForm.h */ = {isa = PBXFileReference; fileEncoding = 4; lastKnownFileType = sourcecode.c.h; name = RequestCallForm.h; path = Form/RequestCallForm.h; sourceTree = "<group>"; };
		D560EE4C147A70AD00DD586F /* RequestCallForm.m */ = {isa = PBXFileReference; fileEncoding = 4; lastKnownFileType = sourcecode.c.objc; name = RequestCallForm.m; path = Form/RequestCallForm.m; sourceTree = "<group>"; };
		D560EE4D147A70AD00DD586F /* RequestCallForm.xib */ = {isa = PBXFileReference; fileEncoding = 4; lastKnownFileType = file.xib; name = RequestCallForm.xib; path = Form/RequestCallForm.xib; sourceTree = "<group>"; };
		D560EE50147A757A00DD586F /* FormCellGenerator.h */ = {isa = PBXFileReference; fileEncoding = 4; lastKnownFileType = sourcecode.c.h; name = FormCellGenerator.h; path = Form/FormCellGenerator.h; sourceTree = "<group>"; };
		D560EE51147A757A00DD586F /* FormCellGenerator.m */ = {isa = PBXFileReference; fileEncoding = 4; lastKnownFileType = sourcecode.c.objc; name = FormCellGenerator.m; path = Form/FormCellGenerator.m; sourceTree = "<group>"; };
		D560EE53147A75B300DD586F /* FormConstant.h */ = {isa = PBXFileReference; fileEncoding = 4; lastKnownFileType = sourcecode.c.h; name = FormConstant.h; path = Form/FormConstant.h; sourceTree = "<group>"; };
		D560EE54147B227400DD586F /* FormUtility.h */ = {isa = PBXFileReference; fileEncoding = 4; lastKnownFileType = sourcecode.c.h; name = FormUtility.h; path = Form/FormUtility.h; sourceTree = "<group>"; };
		D560EE55147B227400DD586F /* FormUtility.m */ = {isa = PBXFileReference; fileEncoding = 4; lastKnownFileType = sourcecode.c.objc; name = FormUtility.m; path = Form/FormUtility.m; sourceTree = "<group>"; };
		D560EE58147B35CE00DD586F /* RequestCall.h */ = {isa = PBXFileReference; fileEncoding = 4; lastKnownFileType = sourcecode.c.h; name = RequestCall.h; path = Model/RequestCall.h; sourceTree = "<group>"; };
		D560EE59147B35CE00DD586F /* RequestCall.m */ = {isa = PBXFileReference; fileEncoding = 4; lastKnownFileType = sourcecode.c.objc; name = RequestCall.m; path = Model/RequestCall.m; sourceTree = "<group>"; };
		D560EE5B147B365100DD586F /* CallObjective.h */ = {isa = PBXFileReference; fileEncoding = 4; lastKnownFileType = sourcecode.c.h; name = CallObjective.h; path = Model/CallObjective.h; sourceTree = "<group>"; };
		D560EE5C147B365100DD586F /* CallObjective.m */ = {isa = PBXFileReference; fileEncoding = 4; lastKnownFileType = sourcecode.c.objc; name = CallObjective.m; path = Model/CallObjective.m; sourceTree = "<group>"; };
		D560EE61147B5F0300DD586F /* Order.h */ = {isa = PBXFileReference; fileEncoding = 4; lastKnownFileType = sourcecode.c.h; name = Order.h; path = Model/Order.h; sourceTree = "<group>"; };
		D560EE62147B5F0400DD586F /* Order.m */ = {isa = PBXFileReference; fileEncoding = 4; lastKnownFileType = sourcecode.c.objc; name = Order.m; path = Model/Order.m; sourceTree = "<group>"; };
		D560EE64147B5F2100DD586F /* OrderForm.h */ = {isa = PBXFileReference; fileEncoding = 4; lastKnownFileType = sourcecode.c.h; name = OrderForm.h; path = Form/OrderForm.h; sourceTree = "<group>"; };
		D560EE65147B5F2100DD586F /* OrderForm.m */ = {isa = PBXFileReference; fileEncoding = 4; lastKnownFileType = sourcecode.c.objc; name = OrderForm.m; path = Form/OrderForm.m; sourceTree = "<group>"; };
		D560EE66147B5F2100DD586F /* OrderForm.xib */ = {isa = PBXFileReference; fileEncoding = 4; lastKnownFileType = file.xib; name = OrderForm.xib; path = Form/OrderForm.xib; sourceTree = "<group>"; };
		D59A14EE148CFA9000AB7E86 /* ProductEntry.h */ = {isa = PBXFileReference; fileEncoding = 4; lastKnownFileType = sourcecode.c.h; name = ProductEntry.h; path = Model/ProductEntry.h; sourceTree = "<group>"; };
		D59A14EF148CFA9000AB7E86 /* ProductEntry.m */ = {isa = PBXFileReference; fileEncoding = 4; lastKnownFileType = sourcecode.c.objc; name = ProductEntry.m; path = Model/ProductEntry.m; sourceTree = "<group>"; };
		D59A14F2148D093000AB7E86 /* EvaluationRequest.h */ = {isa = PBXFileReference; fileEncoding = 4; lastKnownFileType = sourcecode.c.h; name = EvaluationRequest.h; path = Model/EvaluationRequest.h; sourceTree = "<group>"; };
		D59A14F3148D093000AB7E86 /* EvaluationRequest.m */ = {isa = PBXFileReference; fileEncoding = 4; lastKnownFileType = sourcecode.c.objc; name = EvaluationRequest.m; path = Model/EvaluationRequest.m; sourceTree = "<group>"; };
		D59A14F5148D102600AB7E86 /* MarketIntelligence.h */ = {isa = PBXFileReference; fileEncoding = 4; lastKnownFileType = sourcecode.c.h; name = MarketIntelligence.h; path = Model/MarketIntelligence.h; sourceTree = "<group>"; };
		D59A14F6148D102600AB7E86 /* MarketIntelligence.m */ = {isa = PBXFileReference; fileEncoding = 4; lastKnownFileType = sourcecode.c.objc; name = MarketIntelligence.m; path = Model/MarketIntelligence.m; sourceTree = "<group>"; };
		D59A14F8148D203E00AB7E86 /* CustomerComplaint.h */ = {isa = PBXFileReference; fileEncoding = 4; lastKnownFileType = sourcecode.c.h; name = CustomerComplaint.h; path = Model/CustomerComplaint.h; sourceTree = "<group>"; };
		D59A14F9148D203E00AB7E86 /* CustomerComplaint.m */ = {isa = PBXFileReference; fileEncoding = 4; lastKnownFileType = sourcecode.c.objc; name = CustomerComplaint.m; path = Model/CustomerComplaint.m; sourceTree = "<group>"; };
		D59A14FB148D23F200AB7E86 /* SponsorRequest.h */ = {isa = PBXFileReference; fileEncoding = 4; lastKnownFileType = sourcecode.c.h; name = SponsorRequest.h; path = Model/SponsorRequest.h; sourceTree = "<group>"; };
		D59A14FC148D23F200AB7E86 /* SponsorRequest.m */ = {isa = PBXFileReference; fileEncoding = 4; lastKnownFileType = sourcecode.c.objc; name = SponsorRequest.m; path = Model/SponsorRequest.m; sourceTree = "<group>"; };
		D59A14FE148D26A900AB7E86 /* FormDataMapper.h */ = {isa = PBXFileReference; fileEncoding = 4; lastKnownFileType = sourcecode.c.h; name = FormDataMapper.h; path = Model/FormDataMapper.h; sourceTree = "<group>"; };
		D59A14FF148D26A900AB7E86 /* FormDataMapper.m */ = {isa = PBXFileReference; fileEncoding = 4; lastKnownFileType = sourcecode.c.objc; name = FormDataMapper.m; path = Model/FormDataMapper.m; sourceTree = "<group>"; };
		D5FAD1DC14849D8E0063A6B5 /* document_icon.png */ = {isa = PBXFileReference; lastKnownFileType = image.png; path = document_icon.png; sourceTree = "<group>"; };
		D5FAD1DE14849FAA0063A6B5 /* editable_icon.png */ = {isa = PBXFileReference; lastKnownFileType = image.png; path = editable_icon.png; sourceTree = "<group>"; };
		D5FAD1E01484CAF80063A6B5 /* picker_background.png */ = {isa = PBXFileReference; lastKnownFileType = image.png; path = picker_background.png; sourceTree = "<group>"; };
		D5FAD1E21484D2DB0063A6B5 /* dropdown_small.png */ = {isa = PBXFileReference; lastKnownFileType = image.png; path = dropdown_small.png; sourceTree = "<group>"; };
		D5FAD1E41485BCF40063A6B5 /* HospitalRotationForm.h */ = {isa = PBXFileReference; fileEncoding = 4; lastKnownFileType = sourcecode.c.h; name = HospitalRotationForm.h; path = Form/HospitalRotationForm.h; sourceTree = "<group>"; };
		D5FAD1E51485BCF40063A6B5 /* HospitalRotationForm.m */ = {isa = PBXFileReference; fileEncoding = 4; lastKnownFileType = sourcecode.c.objc; name = HospitalRotationForm.m; path = Form/HospitalRotationForm.m; sourceTree = "<group>"; };
		D5FAD1E61485BCF50063A6B5 /* HospitalRotationForm.xib */ = {isa = PBXFileReference; fileEncoding = 4; lastKnownFileType = file.xib; name = HospitalRotationForm.xib; path = Form/HospitalRotationForm.xib; sourceTree = "<group>"; };
/* End PBXFileReference section */

/* Begin PBXFrameworksBuildPhase section */
		D560EDE0147A150300DD586F /* Frameworks */ = {
			isa = PBXFrameworksBuildPhase;
			buildActionMask = 2147483647;
			files = (
				D560EDE8147A150300DD586F /* UIKit.framework in Frameworks */,
				D560EDEA147A150300DD586F /* Foundation.framework in Frameworks */,
				D560EDEC147A150300DD586F /* CoreGraphics.framework in Frameworks */,
			);
			runOnlyForDeploymentPostprocessing = 0;
		};
/* End PBXFrameworksBuildPhase section */

/* Begin PBXGroup section */
		D5170D331483DFCA0088954D /* Cell */ = {
			isa = PBXGroup;
			children = (
			);
			name = Cell;
			sourceTree = "<group>";
		};
		D52804A6147CE904004B81B6 /* Visit */ = {
			isa = PBXGroup;
			children = (
				D560EE64147B5F2100DD586F /* OrderForm.h */,
				D560EE4B147A70AD00DD586F /* RequestCallForm.h */,
				D560EE65147B5F2100DD586F /* OrderForm.m */,
				D560EE4C147A70AD00DD586F /* RequestCallForm.m */,
				D560EE66147B5F2100DD586F /* OrderForm.xib */,
				D560EE4D147A70AD00DD586F /* RequestCallForm.xib */,
			);
			name = Visit;
			sourceTree = "<group>";
		};
		D560EDD8147A150300DD586F = {
			isa = PBXGroup;
			children = (
				D560EDED147A150300DD586F /* Sale */,
				D560EDE6147A150300DD586F /* Frameworks */,
				D560EDE4147A150300DD586F /* Products */,
			);
			sourceTree = "<group>";
		};
		D560EDE4147A150300DD586F /* Products */ = {
			isa = PBXGroup;
			children = (
				D560EDE3147A150300DD586F /* Sale.app */,
			);
			name = Products;
			sourceTree = "<group>";
		};
		D560EDE6147A150300DD586F /* Frameworks */ = {
			isa = PBXGroup;
			children = (
				D560EDE7147A150300DD586F /* UIKit.framework */,
				D560EDE9147A150300DD586F /* Foundation.framework */,
				D560EDEB147A150300DD586F /* CoreGraphics.framework */,
			);
			name = Frameworks;
			sourceTree = "<group>";
		};
		D560EDED147A150300DD586F /* Sale */ = {
			isa = PBXGroup;
			children = (
				D5FAD1DB14849D8E0063A6B5 /* Resources */,
				D560EE57147B35AA00DD586F /* Model */,
				D560EE42147A66B800DD586F /* Form */,
				D560EDFE147A177100DD586F /* ViewControllers */,
				D560EDF6147A150300DD586F /* AppDelegate.h */,
				D560EDF7147A150300DD586F /* AppDelegate.m */,
				D560EDEE147A150300DD586F /* Supporting Files */,
				D560EE3C147A4FBE00DD586F /* BootStrap.h */,
				D560EE3D147A4FBF00DD586F /* BootStrap.m */,
			);
			path = Sale;
			sourceTree = "<group>";
		};
		D560EDEE147A150300DD586F /* Supporting Files */ = {
			isa = PBXGroup;
			children = (
				D560EDEF147A150300DD586F /* Sale-Info.plist */,
				D560EDF0147A150300DD586F /* InfoPlist.strings */,
				D560EDF3147A150300DD586F /* main.m */,
				D560EDF5147A150300DD586F /* Sale-Prefix.pch */,
				D560EE0C147A1CF800DD586F /* Form-info.plist */,
			);
			name = "Supporting Files";
			sourceTree = "<group>";
		};
		D560EDFE147A177100DD586F /* ViewControllers */ = {
			isa = PBXGroup;
			children = (
				D560EDFF147A179300DD586F /* MainViewController.h */,
				D560EE00147A179300DD586F /* MainViewController.m */,
				D560EE01147A179300DD586F /* MainViewController.xib */,
				D560EE46147A6CD100DD586F /* HospitalViewController.h */,
				D560EE47147A6CD100DD586F /* HospitalViewController.m */,
				D560EE48147A6CD100DD586F /* HospitalViewController.xib */,
				D528046F147B7B5A004B81B6 /* RootViewController.h */,
				D5280470147B7B5A004B81B6 /* RootViewController.m */,
				D5280471147B7B5A004B81B6 /* RootViewController.xib */,
				D5280475147B7BB2004B81B6 /* DetailViewController.h */,
				D5280476147B7BB2004B81B6 /* DetailViewController.m */,
				D5280477147B7BB2004B81B6 /* DetailViewController.xib */,
			);
			name = ViewControllers;
			sourceTree = "<group>";
		};
		D560EE42147A66B800DD586F /* Form */ = {
			isa = PBXGroup;
			children = (
				D560EE53147A75B300DD586F /* FormConstant.h */,
				D560EE50147A757A00DD586F /* FormCellGenerator.h */,
				D560EE51147A757A00DD586F /* FormCellGenerator.m */,
				D560EE54147B227400DD586F /* FormUtility.h */,
				D560EE55147B227400DD586F /* FormUtility.m */,
				D5FAD1E41485BCF40063A6B5 /* HospitalRotationForm.h */,
				D5FAD1E51485BCF40063A6B5 /* HospitalRotationForm.m */,
				D5FAD1E61485BCF50063A6B5 /* HospitalRotationForm.xib */,
				D5170D331483DFCA0088954D /* Cell */,
				D5280496147C8006004B81B6 /* HospitalBirthRateForm.h */,
				D5280497147C8007004B81B6 /* HospitalBirthRateForm.m */,
				D5280498147C8007004B81B6 /* HospitalBirthRateForm.xib */,
				D5280485147B957B004B81B6 /* HospitalForm.h */,
				D5280486147B957B004B81B6 /* HospitalForm.m */,
				D5280487147B957B004B81B6 /* HospitalForm.xib */,
				D52804A7147CE986004B81B6 /* HospitalSalesHistoryForm.h */,
				D52804A8147CE987004B81B6 /* HospitalSalesHistoryForm.m */,
				D52804A9147CE987004B81B6 /* HospitalSalesHistoryForm.xib */,
				D52804A6147CE904004B81B6 /* Visit */,
				D59A14FE148D26A900AB7E86 /* FormDataMapper.h */,
				D59A14FF148D26A900AB7E86 /* FormDataMapper.m */,
			);
			name = Form;
			sourceTree = "<group>";
		};
		D560EE57147B35AA00DD586F /* Model */ = {
			isa = PBXGroup;
			children = (
				D560EE58147B35CE00DD586F /* RequestCall.h */,
				D560EE59147B35CE00DD586F /* RequestCall.m */,
				D560EE5B147B365100DD586F /* CallObjective.h */,
				D560EE5C147B365100DD586F /* CallObjective.m */,
				D560EE61147B5F0300DD586F /* Order.h */,
				D560EE62147B5F0400DD586F /* Order.m */,
				D528047A147B7C86004B81B6 /* Hospital.h */,
				D528047B147B7C86004B81B6 /* Hospital.m */,
				D528048D147C0944004B81B6 /* HospitalRotation.h */,
				D528048E147C0944004B81B6 /* HospitalRotation.m */,
				D5280490147C096F004B81B6 /* HospitalBirthRate.h */,
				D5280491147C096F004B81B6 /* HospitalBirthRate.m */,
				D5280493147C7B60004B81B6 /* ProductYear.h */,
				D5280494147C7B60004B81B6 /* ProductYear.m */,
				D52804A0147CC652004B81B6 /* Invoice.h */,
				D52804A1147CC652004B81B6 /* Invoice.m */,
				D52804A3147CE56C004B81B6 /* BackOrder.h */,
				D52804A4147CE56D004B81B6 /* BackOrder.m */,
				D59A14EE148CFA9000AB7E86 /* ProductEntry.h */,
				D59A14EF148CFA9000AB7E86 /* ProductEntry.m */,
				D59A14F2148D093000AB7E86 /* EvaluationRequest.h */,
				D59A14F3148D093000AB7E86 /* EvaluationRequest.m */,
				D59A14F5148D102600AB7E86 /* MarketIntelligence.h */,
				D59A14F6148D102600AB7E86 /* MarketIntelligence.m */,
				D59A14F8148D203E00AB7E86 /* CustomerComplaint.h */,
				D59A14F9148D203E00AB7E86 /* CustomerComplaint.m */,
				D59A14FB148D23F200AB7E86 /* SponsorRequest.h */,
				D59A14FC148D23F200AB7E86 /* SponsorRequest.m */,
			);
			name = Model;
			sourceTree = "<group>";
		};
		D5FAD1DB14849D8E0063A6B5 /* Resources */ = {
			isa = PBXGroup;
			children = (
				D5FAD1E21484D2DB0063A6B5 /* dropdown_small.png */,
				D5FAD1DE14849FAA0063A6B5 /* editable_icon.png */,
				D5FAD1DC14849D8E0063A6B5 /* document_icon.png */,
				D5FAD1E01484CAF80063A6B5 /* picker_background.png */,
			);
			path = Resources;
			sourceTree = "<group>";
		};
/* End PBXGroup section */

/* Begin PBXNativeTarget section */
		D560EDE2147A150300DD586F /* Sale */ = {
			isa = PBXNativeTarget;
			buildConfigurationList = D560EDFB147A150300DD586F /* Build configuration list for PBXNativeTarget "Sale" */;
			buildPhases = (
				D560EDDF147A150300DD586F /* Sources */,
				D560EDE0147A150300DD586F /* Frameworks */,
				D560EDE1147A150300DD586F /* Resources */,
			);
			buildRules = (
			);
			dependencies = (
			);
			name = Sale;
			productName = Sale;
			productReference = D560EDE3147A150300DD586F /* Sale.app */;
			productType = "com.apple.product-type.application";
		};
/* End PBXNativeTarget section */

/* Begin PBXProject section */
		D560EDDA147A150300DD586F /* Project object */ = {
			isa = PBXProject;
			attributes = {
				LastUpgradeCheck = 0420;
				ORGANIZATIONNAME = "Quadsolutions Co., Ltd.";
			};
			buildConfigurationList = D560EDDD147A150300DD586F /* Build configuration list for PBXProject "Sale" */;
			compatibilityVersion = "Xcode 3.2";
			developmentRegion = English;
			hasScannedForEncodings = 0;
			knownRegions = (
				en,
			);
			mainGroup = D560EDD8147A150300DD586F;
			productRefGroup = D560EDE4147A150300DD586F /* Products */;
			projectDirPath = "";
			projectRoot = "";
			targets = (
				D560EDE2147A150300DD586F /* Sale */,
			);
		};
/* End PBXProject section */

/* Begin PBXResourcesBuildPhase section */
		D560EDE1147A150300DD586F /* Resources */ = {
			isa = PBXResourcesBuildPhase;
			buildActionMask = 2147483647;
			files = (
				D560EDF2147A150300DD586F /* InfoPlist.strings in Resources */,
				D560EE03147A179300DD586F /* MainViewController.xib in Resources */,
				D560EE0D147A1CF800DD586F /* Form-info.plist in Resources */,
				D560EE4A147A6CD100DD586F /* HospitalViewController.xib in Resources */,
				D560EE4F147A70AD00DD586F /* RequestCallForm.xib in Resources */,
				D560EE68147B5F2200DD586F /* OrderForm.xib in Resources */,
				D5280473147B7B5A004B81B6 /* RootViewController.xib in Resources */,
				D5280479147B7BB2004B81B6 /* DetailViewController.xib in Resources */,
				D5280489147B957B004B81B6 /* HospitalForm.xib in Resources */,
				D528049A147C8007004B81B6 /* HospitalBirthRateForm.xib in Resources */,
				D52804AB147CE988004B81B6 /* HospitalSalesHistoryForm.xib in Resources */,
				D5FAD1DD14849D8E0063A6B5 /* document_icon.png in Resources */,
				D5FAD1DF14849FAA0063A6B5 /* editable_icon.png in Resources */,
				D5FAD1E11484CAF80063A6B5 /* picker_background.png in Resources */,
				D5FAD1E31484D2DB0063A6B5 /* dropdown_small.png in Resources */,
				D5FAD1E81485BCF50063A6B5 /* HospitalRotationForm.xib in Resources */,
			);
			runOnlyForDeploymentPostprocessing = 0;
		};
/* End PBXResourcesBuildPhase section */

/* Begin PBXSourcesBuildPhase section */
		D560EDDF147A150300DD586F /* Sources */ = {
			isa = PBXSourcesBuildPhase;
			buildActionMask = 2147483647;
			files = (
				D560EDF4147A150300DD586F /* main.m in Sources */,
				D560EDF8147A150300DD586F /* AppDelegate.m in Sources */,
				D560EE02147A179300DD586F /* MainViewController.m in Sources */,
				D560EE3E147A4FBF00DD586F /* BootStrap.m in Sources */,
				D560EE49147A6CD100DD586F /* HospitalViewController.m in Sources */,
				D560EE4E147A70AD00DD586F /* RequestCallForm.m in Sources */,
				D560EE52147A757A00DD586F /* FormCellGenerator.m in Sources */,
				D560EE56147B227400DD586F /* FormUtility.m in Sources */,
				D560EE5A147B35CE00DD586F /* RequestCall.m in Sources */,
				D560EE5D147B365100DD586F /* CallObjective.m in Sources */,
				D560EE63147B5F0400DD586F /* Order.m in Sources */,
				D560EE67147B5F2200DD586F /* OrderForm.m in Sources */,
				D5280472147B7B5A004B81B6 /* RootViewController.m in Sources */,
				D5280478147B7BB2004B81B6 /* DetailViewController.m in Sources */,
				D528047C147B7C86004B81B6 /* Hospital.m in Sources */,
				D5280488147B957B004B81B6 /* HospitalForm.m in Sources */,
				D528048F147C0944004B81B6 /* HospitalRotation.m in Sources */,
				D5280492147C096F004B81B6 /* HospitalBirthRate.m in Sources */,
				D5280495147C7B60004B81B6 /* ProductYear.m in Sources */,
				D5280499147C8007004B81B6 /* HospitalBirthRateForm.m in Sources */,
				D52804A2147CC652004B81B6 /* Invoice.m in Sources */,
				D52804A5147CE56D004B81B6 /* BackOrder.m in Sources */,
				D52804AA147CE988004B81B6 /* HospitalSalesHistoryForm.m in Sources */,
				D5FAD1E71485BCF50063A6B5 /* HospitalRotationForm.m in Sources */,
				D59A14F0148CFA9000AB7E86 /* ProductEntry.m in Sources */,
				D59A14F4148D093000AB7E86 /* EvaluationRequest.m in Sources */,
				D59A14F7148D102600AB7E86 /* MarketIntelligence.m in Sources */,
				D59A14FA148D203E00AB7E86 /* CustomerComplaint.m in Sources */,
				D59A14FD148D23F300AB7E86 /* SponsorRequest.m in Sources */,
				D59A1500148D26A900AB7E86 /* FormDataMapper.m in Sources */,
			);
			runOnlyForDeploymentPostprocessing = 0;
		};
/* End PBXSourcesBuildPhase section */

/* Begin PBXVariantGroup section */
		D560EDF0147A150300DD586F /* InfoPlist.strings */ = {
			isa = PBXVariantGroup;
			children = (
				D560EDF1147A150300DD586F /* en */,
			);
			name = InfoPlist.strings;
			sourceTree = "<group>";
		};
/* End PBXVariantGroup section */

/* Begin XCBuildConfiguration section */
		D560EDF9147A150300DD586F /* Debug */ = {
			isa = XCBuildConfiguration;
			buildSettings = {
				ALWAYS_SEARCH_USER_PATHS = NO;
				ARCHS = "$(ARCHS_STANDARD_32_BIT)";
				"CODE_SIGN_IDENTITY[sdk=iphoneos*]" = "iPhone Developer";
				COPY_PHASE_STRIP = NO;
				GCC_C_LANGUAGE_STANDARD = gnu99;
				GCC_DYNAMIC_NO_PIC = NO;
				GCC_OPTIMIZATION_LEVEL = 0;
				GCC_PREPROCESSOR_DEFINITIONS = (
					"DEBUG=1",
					"$(inherited)",
				);
				GCC_SYMBOLS_PRIVATE_EXTERN = NO;
				GCC_VERSION = com.apple.compilers.llvm.clang.1_0;
				GCC_WARN_ABOUT_MISSING_PROTOTYPES = YES;
				GCC_WARN_ABOUT_RETURN_TYPE = YES;
				GCC_WARN_UNUSED_VARIABLE = YES;
				IPHONEOS_DEPLOYMENT_TARGET = 5.0;
				SDKROOT = iphoneos;
				TARGETED_DEVICE_FAMILY = 2;
			};
			name = Debug;
		};
		D560EDFA147A150300DD586F /* Release */ = {
			isa = XCBuildConfiguration;
			buildSettings = {
				ALWAYS_SEARCH_USER_PATHS = NO;
				ARCHS = "$(ARCHS_STANDARD_32_BIT)";
				"CODE_SIGN_IDENTITY[sdk=iphoneos*]" = "iPhone Developer";
				COPY_PHASE_STRIP = YES;
				GCC_C_LANGUAGE_STANDARD = gnu99;
				GCC_VERSION = com.apple.compilers.llvm.clang.1_0;
				GCC_WARN_ABOUT_MISSING_PROTOTYPES = YES;
				GCC_WARN_ABOUT_RETURN_TYPE = YES;
				GCC_WARN_UNUSED_VARIABLE = YES;
				IPHONEOS_DEPLOYMENT_TARGET = 5.0;
				OTHER_CFLAGS = "-DNS_BLOCK_ASSERTIONS=1";
				SDKROOT = iphoneos;
				TARGETED_DEVICE_FAMILY = 2;
				VALIDATE_PRODUCT = YES;
			};
			name = Release;
		};
		D560EDFC147A150300DD586F /* Debug */ = {
			isa = XCBuildConfiguration;
			buildSettings = {
				GCC_PRECOMPILE_PREFIX_HEADER = YES;
				GCC_PREFIX_HEADER = "Sale/Sale-Prefix.pch";
				INFOPLIST_FILE = "Sale/Sale-Info.plist";
				IPHONEOS_DEPLOYMENT_TARGET = 4.2;
				PRODUCT_NAME = "$(TARGET_NAME)";
				WRAPPER_EXTENSION = app;
			};
			name = Debug;
		};
		D560EDFD147A150300DD586F /* Release */ = {
			isa = XCBuildConfiguration;
			buildSettings = {
				GCC_PRECOMPILE_PREFIX_HEADER = YES;
				GCC_PREFIX_HEADER = "Sale/Sale-Prefix.pch";
				INFOPLIST_FILE = "Sale/Sale-Info.plist";
				IPHONEOS_DEPLOYMENT_TARGET = 4.2;
				PRODUCT_NAME = "$(TARGET_NAME)";
				WRAPPER_EXTENSION = app;
			};
			name = Release;
		};
/* End XCBuildConfiguration section */

/* Begin XCConfigurationList section */
		D560EDDD147A150300DD586F /* Build configuration list for PBXProject "Sale" */ = {
			isa = XCConfigurationList;
			buildConfigurations = (
				D560EDF9147A150300DD586F /* Debug */,
				D560EDFA147A150300DD586F /* Release */,
			);
			defaultConfigurationIsVisible = 0;
			defaultConfigurationName = Release;
		};
		D560EDFB147A150300DD586F /* Build configuration list for PBXNativeTarget "Sale" */ = {
			isa = XCConfigurationList;
			buildConfigurations = (
				D560EDFC147A150300DD586F /* Debug */,
				D560EDFD147A150300DD586F /* Release */,
			);
			defaultConfigurationIsVisible = 0;
			defaultConfigurationName = Release;
		};
/* End XCConfigurationList section */
	};
	rootObject = D560EDDA147A150300DD586F /* Project object */;
}
